
Microsoft Visual Studio Solution File, Format Version 12.00
# Visual Studio 15
VisualStudioVersion = 15.0.28307.421
MinimumVisualStudioVersion = 10.0.40219.1
Project("{FAE04EC0-301F-11D3-BF4B-00C04F79EFBC}") = "SportLife.Android", "SportLife\SportLife.Android\SportLife.Android.csproj", "{24CE3C36-16B9-426D-AA0C-5961ECF8D88C}"
EndProject
Project("{FAE04EC0-301F-11D3-BF4B-00C04F79EFBC}") = "SportLife.iOS", "SportLife\SportLife.iOS\SportLife.iOS.csproj", "{BDD485AE-F7A5-4232-A6A8-C4C37CBA0AAA}"
EndProject
Project("{FAE04EC0-301F-11D3-BF4B-00C04F79EFBC}") = "SportLife.UWP", "SportLife\SportLife.UWP\SportLife.UWP.csproj", "{C67CFFFB-B5B8-4D21-A0CA-F6A8C0C8370C}"
EndProject
Project("{9A19103F-16F7-4668-BE54-9A1E7A4F7556}") = "SportLife", "SportLife\SportLife\SportLife.csproj", "{0AA78960-7A5B-4E0B-8CA6-84AF5D5EB85C}"
EndProject
Global
	GlobalSection(SolutionConfigurationPlatforms) = preSolution
		Debug|Any CPU = Debug|Any CPU
		Debug|ARM = Debug|ARM
		Debug|iPhone = Debug|iPhone
		Debug|iPhoneSimulator = Debug|iPhoneSimulator
		Debug|x64 = Debug|x64
		Debug|x86 = Debug|x86
		Release|Any CPU = Release|Any CPU
		Release|ARM = Release|ARM
		Release|iPhone = Release|iPhone
		Release|iPhoneSimulator = Release|iPhoneSimulator
		Release|x64 = Release|x64
		Release|x86 = Release|x86
	EndGlobalSection
	GlobalSection(ProjectConfigurationPlatforms) = postSolution
		{24CE3C36-16B9-426D-AA0C-5961ECF8D88C}.Debug|Any CPU.ActiveCfg = Debug|Any CPU
		{24CE3C36-16B9-426D-AA0C-5961ECF8D88C}.Debug|Any CPU.Build.0 = Debug|Any CPU
		{24CE3C36-16B9-426D-AA0C-5961ECF8D88C}.Debug|Any CPU.Deploy.0 = Debug|Any CPU
		{24CE3C36-16B9-426D-AA0C-5961ECF8D88C}.Debug|ARM.ActiveCfg = Debug|Any CPU
		{24CE3C36-16B9-426D-AA0C-5961ECF8D88C}.Debug|ARM.Build.0 = Debug|Any CPU
		{24CE3C36-16B9-426D-AA0C-5961ECF8D88C}.Debug|ARM.Deploy.0 = Debug|Any CPU
		{24CE3C36-16B9-426D-AA0C-5961ECF8D88C}.Debug|iPhone.ActiveCfg = Debug|Any CPU
		{24CE3C36-16B9-426D-AA0C-5961ECF8D88C}.Debug|iPhone.Build.0 = Debug|Any CPU
		{24CE3C36-16B9-426D-AA0C-5961ECF8D88C}.Debug|iPhone.Deploy.0 = Debug|Any CPU
		{24CE3C36-16B9-426D-AA0C-5961ECF8D88C}.Debug|iPhoneSimulator.ActiveCfg = Debug|Any CPU
		{24CE3C36-16B9-426D-AA0C-5961ECF8D88C}.Debug|iPhoneSimulator.Build.0 = Debug|Any CPU
		{24CE3C36-16B9-426D-AA0C-5961ECF8D88C}.Debug|iPhoneSimulator.Deploy.0 = Debug|Any CPU
		{24CE3C36-16B9-426D-AA0C-5961ECF8D88C}.Debug|x64.ActiveCfg = Debug|Any CPU
		{24CE3C36-16B9-426D-AA0C-5961ECF8D88C}.Debug|x64.Build.0 = Debug|Any CPU
		{24CE3C36-16B9-426D-AA0C-5961ECF8D88C}.Debug|x64.Deploy.0 = Debug|Any CPU
		{24CE3C36-16B9-426D-AA0C-5961ECF8D88C}.Debug|x86.ActiveCfg = Debug|Any CPU
		{24CE3C36-16B9-426D-AA0C-5961ECF8D88C}.Debug|x86.Build.0 = Debug|Any CPU
		{24CE3C36-16B9-426D-AA0C-5961ECF8D88C}.Debug|x86.Deploy.0 = Debug|Any CPU
		{24CE3C36-16B9-426D-AA0C-5961ECF8D88C}.Release|Any CPU.ActiveCfg = Release|Any CPU
		{24CE3C36-16B9-426D-AA0C-5961ECF8D88C}.Release|Any CPU.Build.0 = Release|Any CPU
		{24CE3C36-16B9-426D-AA0C-5961ECF8D88C}.Release|Any CPU.Deploy.0 = Release|Any CPU
		{24CE3C36-16B9-426D-AA0C-5961ECF8D88C}.Release|ARM.ActiveCfg = Release|Any CPU
		{24CE3C36-16B9-426D-AA0C-5961ECF8D88C}.Release|ARM.Build.0 = Release|Any CPU
		{24CE3C36-16B9-426D-AA0C-5961ECF8D88C}.Release|ARM.Deploy.0 = Release|Any CPU
		{24CE3C36-16B9-426D-AA0C-5961ECF8D88C}.Release|iPhone.ActiveCfg = Release|Any CPU
		{24CE3C36-16B9-426D-AA0C-5961ECF8D88C}.Release|iPhone.Build.0 = Release|Any CPU
		{24CE3C36-16B9-426D-AA0C-5961ECF8D88C}.Release|iPhone.Deploy.0 = Release|Any CPU
		{24CE3C36-16B9-426D-AA0C-5961ECF8D88C}.Release|iPhoneSimulator.ActiveCfg = Release|Any CPU
		{24CE3C36-16B9-426D-AA0C-5961ECF8D88C}.Release|iPhoneSimulator.Build.0 = Release|Any CPU
		{24CE3C36-16B9-426D-AA0C-5961ECF8D88C}.Release|iPhoneSimulator.Deploy.0 = Release|Any CPU
		{24CE3C36-16B9-426D-AA0C-5961ECF8D88C}.Release|x64.ActiveCfg = Release|Any CPU
		{24CE3C36-16B9-426D-AA0C-5961ECF8D88C}.Release|x64.Build.0 = Release|Any CPU
		{24CE3C36-16B9-426D-AA0C-5961ECF8D88C}.Release|x64.Deploy.0 = Release|Any CPU
		{24CE3C36-16B9-426D-AA0C-5961ECF8D88C}.Release|x86.ActiveCfg = Release|Any CPU
		{24CE3C36-16B9-426D-AA0C-5961ECF8D88C}.Release|x86.Build.0 = Release|Any CPU
		{24CE3C36-16B9-426D-AA0C-5961ECF8D88C}.Release|x86.Deploy.0 = Release|Any CPU
		{BDD485AE-F7A5-4232-A6A8-C4C37CBA0AAA}.Debug|Any CPU.ActiveCfg = Debug|iPhoneSimulator
		{BDD485AE-F7A5-4232-A6A8-C4C37CBA0AAA}.Debug|Any CPU.Build.0 = Debug|iPhoneSimulator
		{BDD485AE-F7A5-4232-A6A8-C4C37CBA0AAA}.Debug|Any CPU.Deploy.0 = Debug|iPhoneSimulator
		{BDD485AE-F7A5-4232-A6A8-C4C37CBA0AAA}.Debug|ARM.ActiveCfg = Debug|iPhone
		{BDD485AE-F7A5-4232-A6A8-C4C37CBA0AAA}.Debug|ARM.Build.0 = Debug|iPhone
		{BDD485AE-F7A5-4232-A6A8-C4C37CBA0AAA}.Debug|ARM.Deploy.0 = Debug|iPhone
		{BDD485AE-F7A5-4232-A6A8-C4C37CBA0AAA}.Debug|iPhone.ActiveCfg = Debug|iPhone
		{BDD485AE-F7A5-4232-A6A8-C4C37CBA0AAA}.Debug|iPhone.Build.0 = Debug|iPhone
		{BDD485AE-F7A5-4232-A6A8-C4C37CBA0AAA}.Debug|iPhone.Deploy.0 = Debug|iPhone
		{BDD485AE-F7A5-4232-A6A8-C4C37CBA0AAA}.Debug|iPhoneSimulator.ActiveCfg = Debug|iPhoneSimulator
		{BDD485AE-F7A5-4232-A6A8-C4C37CBA0AAA}.Debug|iPhoneSimulator.Build.0 = Debug|iPhoneSimulator
		{BDD485AE-F7A5-4232-A6A8-C4C37CBA0AAA}.Debug|iPhoneSimulator.Deploy.0 = Debug|iPhoneSimulator
		{BDD485AE-F7A5-4232-A6A8-C4C37CBA0AAA}.Debug|x64.ActiveCfg = Debug|iPhone
		{BDD485AE-F7A5-4232-A6A8-C4C37CBA0AAA}.Debug|x64.Build.0 = Debug|iPhone
		{BDD485AE-F7A5-4232-A6A8-C4C37CBA0AAA}.Debug|x64.Deploy.0 = Debug|iPhone
		{BDD485AE-F7A5-4232-A6A8-C4C37CBA0AAA}.Debug|x86.ActiveCfg = Debug|iPhone
		{BDD485AE-F7A5-4232-A6A8-C4C37CBA0AAA}.Debug|x86.Build.0 = Debug|iPhone
		{BDD485AE-F7A5-4232-A6A8-C4C37CBA0AAA}.Debug|x86.Deploy.0 = Debug|iPhone
		{BDD485AE-F7A5-4232-A6A8-C4C37CBA0AAA}.Release|Any CPU.ActiveCfg = Release|iPhone
		{BDD485AE-F7A5-4232-A6A8-C4C37CBA0AAA}.Release|Any CPU.Build.0 = Release|iPhone
		{BDD485AE-F7A5-4232-A6A8-C4C37CBA0AAA}.Release|Any CPU.Deploy.0 = Release|iPhone
		{BDD485AE-F7A5-4232-A6A8-C4C37CBA0AAA}.Release|ARM.ActiveCfg = Release|iPhone
		{BDD485AE-F7A5-4232-A6A8-C4C37CBA0AAA}.Release|ARM.Build.0 = Release|iPhone
		{BDD485AE-F7A5-4232-A6A8-C4C37CBA0AAA}.Release|ARM.Deploy.0 = Release|iPhone
		{BDD485AE-F7A5-4232-A6A8-C4C37CBA0AAA}.Release|iPhone.ActiveCfg = Release|iPhone
		{BDD485AE-F7A5-4232-A6A8-C4C37CBA0AAA}.Release|iPhone.Build.0 = Release|iPhone
		{BDD485AE-F7A5-4232-A6A8-C4C37CBA0AAA}.Release|iPhone.Deploy.0 = Release|iPhone
		{BDD485AE-F7A5-4232-A6A8-C4C37CBA0AAA}.Release|iPhoneSimulator.ActiveCfg = Release|iPhoneSimulator
		{BDD485AE-F7A5-4232-A6A8-C4C37CBA0AAA}.Release|iPhoneSimulator.Build.0 = Release|iPhoneSimulator
		{BDD485AE-F7A5-4232-A6A8-C4C37CBA0AAA}.Release|iPhoneSimulator.Deploy.0 = Release|iPhoneSimulator
		{BDD485AE-F7A5-4232-A6A8-C4C37CBA0AAA}.Release|x64.ActiveCfg = Release|iPhone
		{BDD485AE-F7A5-4232-A6A8-C4C37CBA0AAA}.Release|x64.Build.0 = Release|iPhone
		{BDD485AE-F7A5-4232-A6A8-C4C37CBA0AAA}.Release|x64.Deploy.0 = Release|iPhone
		{BDD485AE-F7A5-4232-A6A8-C4C37CBA0AAA}.Release|x86.ActiveCfg = Release|iPhone
		{BDD485AE-F7A5-4232-A6A8-C4C37CBA0AAA}.Release|x86.Build.0 = Release|iPhone
		{BDD485AE-F7A5-4232-A6A8-C4C37CBA0AAA}.Release|x86.Deploy.0 = Release|iPhone
		{C67CFFFB-B5B8-4D21-A0CA-F6A8C0C8370C}.Debug|Any CPU.ActiveCfg = Debug|x86
		{C67CFFFB-B5B8-4D21-A0CA-F6A8C0C8370C}.Debug|Any CPU.Build.0 = Debug|x86
		{C67CFFFB-B5B8-4D21-A0CA-F6A8C0C8370C}.Debug|Any CPU.Deploy.0 = Debug|x86
		{C67CFFFB-B5B8-4D21-A0CA-F6A8C0C8370C}.Debug|ARM.ActiveCfg = Debug|ARM
		{C67CFFFB-B5B8-4D21-A0CA-F6A8C0C8370C}.Debug|ARM.Build.0 = Debug|ARM
		{C67CFFFB-B5B8-4D21-A0CA-F6A8C0C8370C}.Debug|ARM.Deploy.0 = Debug|ARM
		{C67CFFFB-B5B8-4D21-A0CA-F6A8C0C8370C}.Debug|iPhone.ActiveCfg = Debug|x86
		{C67CFFFB-B5B8-4D21-A0CA-F6A8C0C8370C}.Debug|iPhone.Build.0 = Debug|x86
		{C67CFFFB-B5B8-4D21-A0CA-F6A8C0C8370C}.Debug|iPhone.Deploy.0 = Debug|x86
		{C67CFFFB-B5B8-4D21-A0CA-F6A8C0C8370C}.Debug|iPhoneSimulator.ActiveCfg = Debug|x86
		{C67CFFFB-B5B8-4D21-A0CA-F6A8C0C8370C}.Debug|iPhoneSimulator.Build.0 = Debug|x86
		{C67CFFFB-B5B8-4D21-A0CA-F6A8C0C8370C}.Debug|iPhoneSimulator.Deploy.0 = Debug|x86
		{C67CFFFB-B5B8-4D21-A0CA-F6A8C0C8370C}.Debug|x64.ActiveCfg = Debug|x64
		{C67CFFFB-B5B8-4D21-A0CA-F6A8C0C8370C}.Debug|x64.Build.0 = Debug|x64
		{C67CFFFB-B5B8-4D21-A0CA-F6A8C0C8370C}.Debug|x64.Deploy.0 = Debug|x64
		{C67CFFFB-B5B8-4D21-A0CA-F6A8C0C8370C}.Debug|x86.ActiveCfg = Debug|x86
		{C67CFFFB-B5B8-4D21-A0CA-F6A8C0C8370C}.Debug|x86.Build.0 = Debug|x86
		{C67CFFFB-B5B8-4D21-A0CA-F6A8C0C8370C}.Debug|x86.Deploy.0 = Debug|x86
		{C67CFFFB-B5B8-4D21-A0CA-F6A8C0C8370C}.Release|Any CPU.ActiveCfg = Release|x86
		{C67CFFFB-B5B8-4D21-A0CA-F6A8C0C8370C}.Release|Any CPU.Build.0 = Release|x86
		{C67CFFFB-B5B8-4D21-A0CA-F6A8C0C8370C}.Release|Any CPU.Deploy.0 = Release|x86
		{C67CFFFB-B5B8-4D21-A0CA-F6A8C0C8370C}.Release|ARM.ActiveCfg = Release|ARM
		{C67CFFFB-B5B8-4D21-A0CA-F6A8C0C8370C}.Release|ARM.Build.0 = Release|ARM
		{C67CFFFB-B5B8-4D21-A0CA-F6A8C0C8370C}.Release|ARM.Deploy.0 = Release|ARM
		{C67CFFFB-B5B8-4D21-A0CA-F6A8C0C8370C}.Release|iPhone.ActiveCfg = Release|x86
		{C67CFFFB-B5B8-4D21-A0CA-F6A8C0C8370C}.Release|iPhone.Build.0 = Release|x86
		{C67CFFFB-B5B8-4D21-A0CA-F6A8C0C8370C}.Release|iPhone.Deploy.0 = Release|x86
		{C67CFFFB-B5B8-4D21-A0CA-F6A8C0C8370C}.Release|iPhoneSimulator.ActiveCfg = Release|x86
		{C67CFFFB-B5B8-4D21-A0CA-F6A8C0C8370C}.Release|iPhoneSimulator.Build.0 = Release|x86
		{C67CFFFB-B5B8-4D21-A0CA-F6A8C0C8370C}.Release|iPhoneSimulator.Deploy.0 = Release|x86
		{C67CFFFB-B5B8-4D21-A0CA-F6A8C0C8370C}.Release|x64.ActiveCfg = Release|x64
		{C67CFFFB-B5B8-4D21-A0CA-F6A8C0C8370C}.Release|x64.Build.0 = Release|x64
		{C67CFFFB-B5B8-4D21-A0CA-F6A8C0C8370C}.Release|x64.Deploy.0 = Release|x64
		{C67CFFFB-B5B8-4D21-A0CA-F6A8C0C8370C}.Release|x86.ActiveCfg = Release|x86
		{C67CFFFB-B5B8-4D21-A0CA-F6A8C0C8370C}.Release|x86.Build.0 = Release|x86
		{C67CFFFB-B5B8-4D21-A0CA-F6A8C0C8370C}.Release|x86.Deploy.0 = Release|x86
		{0AA78960-7A5B-4E0B-8CA6-84AF5D5EB85C}.Debug|Any CPU.ActiveCfg = Debug|Any CPU
		{0AA78960-7A5B-4E0B-8CA6-84AF5D5EB85C}.Debug|Any CPU.Build.0 = Debug|Any CPU
		{0AA78960-7A5B-4E0B-8CA6-84AF5D5EB85C}.Debug|Any CPU.Deploy.0 = Debug|Any CPU
		{0AA78960-7A5B-4E0B-8CA6-84AF5D5EB85C}.Debug|ARM.ActiveCfg = Debug|Any CPU
		{0AA78960-7A5B-4E0B-8CA6-84AF5D5EB85C}.Debug|ARM.Build.0 = Debug|Any CPU
		{0AA78960-7A5B-4E0B-8CA6-84AF5D5EB85C}.Debug|ARM.Deploy.0 = Debug|Any CPU
		{0AA78960-7A5B-4E0B-8CA6-84AF5D5EB85C}.Debug|iPhone.ActiveCfg = Debug|Any CPU
		{0AA78960-7A5B-4E0B-8CA6-84AF5D5EB85C}.Debug|iPhone.Build.0 = Debug|Any CPU
		{0AA78960-7A5B-4E0B-8CA6-84AF5D5EB85C}.Debug|iPhone.Deploy.0 = Debug|Any CPU
		{0AA78960-7A5B-4E0B-8CA6-84AF5D5EB85C}.Debug|iPhoneSimulator.ActiveCfg = Debug|Any CPU
		{0AA78960-7A5B-4E0B-8CA6-84AF5D5EB85C}.Debug|iPhoneSimulator.Build.0 = Debug|Any CPU
		{0AA78960-7A5B-4E0B-8CA6-84AF5D5EB85C}.Debug|iPhoneSimulator.Deploy.0 = Debug|Any CPU
		{0AA78960-7A5B-4E0B-8CA6-84AF5D5EB85C}.Debug|x64.ActiveCfg = Debug|Any CPU
		{0AA78960-7A5B-4E0B-8CA6-84AF5D5EB85C}.Debug|x64.Build.0 = Debug|Any CPU
		{0AA78960-7A5B-4E0B-8CA6-84AF5D5EB85C}.Debug|x64.Deploy.0 = Debug|Any CPU
		{0AA78960-7A5B-4E0B-8CA6-84AF5D5EB85C}.Debug|x86.ActiveCfg = Debug|Any CPU
		{0AA78960-7A5B-4E0B-8CA6-84AF5D5EB85C}.Debug|x86.Build.0 = Debug|Any CPU
		{0AA78960-7A5B-4E0B-8CA6-84AF5D5EB85C}.Debug|x86.Deploy.0 = Debug|Any CPU
		{0AA78960-7A5B-4E0B-8CA6-84AF5D5EB85C}.Release|Any CPU.ActiveCfg = Release|Any CPU
		{0AA78960-7A5B-4E0B-8CA6-84AF5D5EB85C}.Release|Any CPU.Build.0 = Release|Any CPU
		{0AA78960-7A5B-4E0B-8CA6-84AF5D5EB85C}.Release|Any CPU.Deploy.0 = Release|Any CPU
		{0AA78960-7A5B-4E0B-8CA6-84AF5D5EB85C}.Release|ARM.ActiveCfg = Release|Any CPU
		{0AA78960-7A5B-4E0B-8CA6-84AF5D5EB85C}.Release|ARM.Build.0 = Release|Any CPU
		{0AA78960-7A5B-4E0B-8CA6-84AF5D5EB85C}.Release|ARM.Deploy.0 = Release|Any CPU
		{0AA78960-7A5B-4E0B-8CA6-84AF5D5EB85C}.Release|iPhone.ActiveCfg = Release|Any CPU
		{0AA78960-7A5B-4E0B-8CA6-84AF5D5EB85C}.Release|iPhone.Build.0 = Release|Any CPU
		{0AA78960-7A5B-4E0B-8CA6-84AF5D5EB85C}.Release|iPhone.Deploy.0 = Release|Any CPU
		{0AA78960-7A5B-4E0B-8CA6-84AF5D5EB85C}.Release|iPhoneSimulator.ActiveCfg = Release|Any CPU
		{0AA78960-7A5B-4E0B-8CA6-84AF5D5EB85C}.Release|iPhoneSimulator.Build.0 = Release|Any CPU
		{0AA78960-7A5B-4E0B-8CA6-84AF5D5EB85C}.Release|iPhoneSimulator.Deploy.0 = Release|Any CPU
		{0AA78960-7A5B-4E0B-8CA6-84AF5D5EB85C}.Release|x64.ActiveCfg = Release|Any CPU
		{0AA78960-7A5B-4E0B-8CA6-84AF5D5EB85C}.Release|x64.Build.0 = Release|Any CPU
		{0AA78960-7A5B-4E0B-8CA6-84AF5D5EB85C}.Release|x64.Deploy.0 = Release|Any CPU
		{0AA78960-7A5B-4E0B-8CA6-84AF5D5EB85C}.Release|x86.ActiveCfg = Release|Any CPU
		{0AA78960-7A5B-4E0B-8CA6-84AF5D5EB85C}.Release|x86.Build.0 = Release|Any CPU
		{0AA78960-7A5B-4E0B-8CA6-84AF5D5EB85C}.Release|x86.Deploy.0 = Release|Any CPU
	EndGlobalSection
	GlobalSection(SolutionProperties) = preSolution
		HideSolutionNode = FALSE
	EndGlobalSection
	GlobalSection(ExtensibilityGlobals) = postSolution
		SolutionGuid = {7FBB0CC5-2004-4AA3-A912-E2B132F321C5}
	EndGlobalSection
EndGlobal
